
Microsoft Visual Studio Solution File, Format Version 12.00
# Visual Studio Version 16
VisualStudioVersion = 16.0.31402.337
MinimumVisualStudioVersion = 10.0.40219.1
Project("{8BC9CEB8-8B4A-11D0-8D11-00A0C91BC942}") = "Password-Checker-Generator", "Password-Checker-Generator\Password-Checker-Generator.vcxproj", "{A98BE0D4-E2E9-450E-BB61-EF4985C3BCF4}"
EndProject
Global
	GlobalSection(SolutionConfigurationPlatforms) = preSolution
		Debug|x64 = Debug|x64
		Debug|x86 = Debug|x86
		Release|x64 = Release|x64
		Release|x86 = Release|x86
	EndGlobalSection
	GlobalSection(ProjectConfigurationPlatforms) = postSolution
		{A98BE0D4-E2E9-450E-BB61-EF4985C3BCF4}.Debug|x64.ActiveCfg = Debug|x64
		{A98BE0D4-E2E9-450E-BB61-EF4985C3BCF4}.Debug|x64.Build.0 = Debug|x64
		{A98BE0D4-E2E9-450E-BB61-EF4985C3BCF4}.Debug|x86.ActiveCfg = Debug|Win32
		{A98BE0D4-E2E9-450E-BB61-EF4985C3BCF4}.Debug|x86.Build.0 = Debug|Win32
		{A98BE0D4-E2E9-450E-BB61-EF4985C3BCF4}.Release|x64.ActiveCfg = Release|x64
		{A98BE0D4-E2E9-450E-BB61-EF4985C3BCF4}.Release|x64.Build.0 = Release|x64
		{A98BE0D4-E2E9-450E-BB61-EF4985C3BCF4}.Release|x86.ActiveCfg = Release|Win32
		{A98BE0D4-E2E9-450E-BB61-EF4985C3BCF4}.Release|x86.Build.0 = Release|Win32
	EndGlobalSection
	GlobalSection(SolutionProperties) = preSolution
		HideSolutionNode = FALSE
	EndGlobalSection
	GlobalSection(ExtensibilityGlobals) = postSolution
		SolutionGuid = {ADCD0BAF-EF6A-4858-A57F-7AC627C468B5}
	EndGlobalSection
EndGlobal
